
Microsoft Visual Studio Solution File, Format Version 12.00
# Visual Studio Version 16
VisualStudioVersion = 16.0.31702.278
MinimumVisualStudioVersion = 10.0.40219.1
Project("{9A19103F-16F7-4668-BE54-9A1E7A4F7556}") = "AutoComplete", "AutoComplete\AutoComplete.csproj", "{00305246-0A4F-40AA-96A1-D467A1E3F7B9}"
EndProject
Project("{9A19103F-16F7-4668-BE54-9A1E7A4F7556}") = "Morphology", "Morphology\Morphology.csproj", "{560C2B29-632C-4666-8890-C055F607992A}"
EndProject
Project("{9A19103F-16F7-4668-BE54-9A1E7A4F7556}") = "Microservices", "Microservices\Microservices.csproj", "{7E813C15-B019-4B7F-A6FC-150DCFF865AC}"
EndProject
Global
	GlobalSection(SolutionConfigurationPlatforms) = preSolution
		Debug|Any CPU = Debug|Any CPU
		Release|Any CPU = Release|Any CPU
	EndGlobalSection
	GlobalSection(ProjectConfigurationPlatforms) = postSolution
		{00305246-0A4F-40AA-96A1-D467A1E3F7B9}.Debug|Any CPU.ActiveCfg = Debug|Any CPU
		{00305246-0A4F-40AA-96A1-D467A1E3F7B9}.Debug|Any CPU.Build.0 = Debug|Any CPU
		{00305246-0A4F-40AA-96A1-D467A1E3F7B9}.Release|Any CPU.ActiveCfg = Release|Any CPU
		{00305246-0A4F-40AA-96A1-D467A1E3F7B9}.Release|Any CPU.Build.0 = Release|Any CPU
		{560C2B29-632C-4666-8890-C055F607992A}.Debug|Any CPU.ActiveCfg = Debug|Any CPU
		{560C2B29-632C-4666-8890-C055F607992A}.Debug|Any CPU.Build.0 = Debug|Any CPU
		{560C2B29-632C-4666-8890-C055F607992A}.Release|Any CPU.ActiveCfg = Release|Any CPU
		{560C2B29-632C-4666-8890-C055F607992A}.Release|Any CPU.Build.0 = Release|Any CPU
		{7E813C15-B019-4B7F-A6FC-150DCFF865AC}.Debug|Any CPU.ActiveCfg = Debug|Any CPU
		{7E813C15-B019-4B7F-A6FC-150DCFF865AC}.Debug|Any CPU.Build.0 = Debug|Any CPU
		{7E813C15-B019-4B7F-A6FC-150DCFF865AC}.Release|Any CPU.ActiveCfg = Release|Any CPU
		{7E813C15-B019-4B7F-A6FC-150DCFF865AC}.Release|Any CPU.Build.0 = Release|Any CPU
	EndGlobalSection
	GlobalSection(SolutionProperties) = preSolution
		HideSolutionNode = FALSE
	EndGlobalSection
	GlobalSection(ExtensibilityGlobals) = postSolution
		SolutionGuid = {C87A1E22-8419-4749-BA77-5723150676ED}
	EndGlobalSection
EndGlobal
